schema: '2.0'
stages:
  prepare:
    cmd: python -m src.data.preprocessor
    deps:
    - path: data/raw/diabetic_data.csv
      hash: md5
      md5: 4a2533c48d63d27c4673a68d63cfc130
      size: 19368
    - path: src/data/preprocessor.py
      hash: md5
      md5: b9515a53d64b3b3698a05b8cce4929b5
      size: 7796
    outs:
    - path: data/processed/
      hash: md5
      md5: d961ac9d98d4bea0fbd68b194dd4dfda.dir
      size: 150661
      nfiles: 3
    - path: models/preprocessor.pkl
      hash: md5
      md5: 488d94de017a2a6f77f1c11779758377
      size: 4827
