schema: '2.0'
stages:
  prepare:
    cmd: python -m src.data.preprocessor
    deps:
    - path: data/raw/diabetic_data.csv
      hash: md5
      md5: 4a2533c48d63d27c4673a68d63cfc130
      size: 19368
    - path: src/data/preprocessor.py
      hash: md5
      md5: 0cca1acd93264d64c96df6a5828805cc
      size: 7817
    outs:
    - path: data/processed/
      hash: md5
      md5: 83e3091784e382eb821c5f631d7d13a8.dir
      size: 150683
      nfiles: 3
    - path: models/preprocessor.pkl
      hash: md5
      md5: bec179fb25720fda8571ddd9aeec7e69
      size: 4795
