schema: '2.0'
stages:
  prepare:
    cmd: python src/data/preprocessor.py
    deps:
    - path: data/raw/diabetic_data.csv
      hash: md5
      md5: 4a2533c48d63d27c4673a68d63cfc130
      size: 19368
    - path: src/data/preprocessor.py
      hash: md5
      md5: 3bf6b5705b818c8e45ee7601d8cf79a0
      size: 7652
    outs:
    - path: data/processed/
      hash: md5
      md5: d961ac9d98d4bea0fbd68b194dd4dfda.dir
      size: 150661
      nfiles: 3
    - path: models/preprocessor.pkl
      hash: md5
      md5: 4473b8ad8e5867acbb4530f061d11880
      size: 4779
